<?xml version="1.0"?>
<CONFIG>
  <ProjectOptions>
    <Version Value="9"/>
    <PathDelim Value="\"/>
    <General>
      <MainUnit Value="0"/>
      <UseXPManifest Value="True"/>
      <ActiveWindowIndexAtStart Value="0"/>
    </General>
    <VersionInfo>
      <Language Value=""/>
      <CharSet Value=""/>
    </VersionInfo>
    <BuildModes Count="1">
      <Item1 Name="default" Default="True"/>
    </BuildModes>
    <PublishOptions>
      <Version Value="2"/>
      <IgnoreBinaries Value="False"/>
      <IncludeFileFilter Value="*.(pas|pp|inc|lfm|lpr|lrs|lpi|lpk|sh|xml)"/>
      <ExcludeFileFilter Value="*.(bak|ppu|ppw|o|so);*~;backup"/>
    </PublishOptions>
    <RunParams>
      <local>
        <FormatVersion Value="1"/>
        <LaunchingApplication PathPlusParams="\usr\X11R6\bin\xterm -T 'Lazarus Run Output' -e $(LazarusDir)\tools\runwait.sh $(TargetCmdLine)"/>
      </local>
    </RunParams>
    <RequiredPackages Count="2">
      <Item1>
        <PackageName Value="LazOpenGLContext"/>
      </Item1>
      <Item2>
        <PackageName Value="LCL"/>
      </Item2>
    </RequiredPackages>
    <Units Count="32">
      <Unit0>
        <Filename Value="projModel.lpr"/>
        <IsPartOfProject Value="True"/>
        <UnitName Value="projModel"/>
        <UsageCount Value="94"/>
      </Unit0>
      <Unit1>
        <Filename Value="Unit1.pas"/>
        <IsPartOfProject Value="True"/>
        <ComponentName Value="Form1"/>
        <HasResources Value="True"/>
        <ResourceBaseClass Value="Form"/>
        <UnitName Value="Unit1"/>
        <IsVisibleTab Value="True"/>
        <EditorIndex Value="0"/>
        <WindowIndex Value="0"/>
        <TopLine Value="79"/>
        <CursorPos X="37" Y="105"/>
        <UsageCount Value="94"/>
        <Bookmarks Count="1">
          <Item0 X="5" Y="167" ID="5"/>
        </Bookmarks>
        <Loaded Value="True"/>
        <LoadedDesigner Value="True"/>
      </Unit1>
      <Unit2>
        <Filename Value="..\..\..\lazarus\fpc\2.4.1\units\i386-win32\next3d\nxGL.pas"/>
        <UnitName Value="nxGL"/>
        <TopLine Value="1114"/>
        <CursorPos X="37" Y="1125"/>
        <UsageCount Value="10"/>
      </Unit2>
      <Unit3>
        <Filename Value="..\..\..\lazarus\fpc\2.4.1\units\i386-win32\next3d\nxModel.pas"/>
        <UnitName Value="nxModel"/>
        <TopLine Value="253"/>
        <CursorPos X="22" Y="257"/>
        <UsageCount Value="8"/>
      </Unit3>
      <Unit4>
        <Filename Value="..\..\..\lazarus\fpc\2.4.1\units\i386-win32\next3d\nxMath3D.pas"/>
        <UnitName Value="nxMath3D"/>
        <TopLine Value="1"/>
        <CursorPos X="14" Y="2"/>
        <UsageCount Value="8"/>
      </Unit4>
      <Unit5>
        <Filename Value="..\..\..\lazarus\fpc\2.4.1\units\i386-win32\next3d\nxTypes.pas"/>
        <UnitName Value="nxTypes"/>
        <TopLine Value="129"/>
        <CursorPos X="14" Y="134"/>
        <UsageCount Value="10"/>
      </Unit5>
      <Unit6>
        <Filename Value="..\..\..\lazarus\fpc\2.4.1\units\i386-win32\next3d\nxGraph.pas"/>
        <UnitName Value="nxGraph"/>
        <TopLine Value="183"/>
        <CursorPos X="1" Y="183"/>
        <UsageCount Value="9"/>
      </Unit6>
      <Unit7>
        <Filename Value="..\..\..\lazarus\fpc\2.4.1\units\i386-win32\next3d\dglOpenGL.pas"/>
        <UnitName Value="dglOpenGL"/>
        <TopLine Value="4211"/>
        <CursorPos X="18" Y="4212"/>
        <UsageCount Value="7"/>
      </Unit7>
      <Unit8>
        <Filename Value="..\..\src\next3d\dglOpenGL.pas"/>
        <UnitName Value="dglOpenGL"/>
        <WindowIndex Value="0"/>
        <TopLine Value="11034"/>
        <CursorPos X="28" Y="11045"/>
        <UsageCount Value="7"/>
      </Unit8>
      <Unit9>
        <Filename Value="..\..\src\next3d\nxGraph.pas"/>
        <UnitName Value="nxGraph"/>
        <WindowIndex Value="0"/>
        <TopLine Value="1"/>
        <CursorPos X="27" Y="58"/>
        <UsageCount Value="7"/>
      </Unit9>
      <Unit10>
        <Filename Value="..\..\src\next3d\nxGL.pas"/>
        <UnitName Value="nxGL"/>
        <WindowIndex Value="0"/>
        <TopLine Value="1"/>
        <CursorPos X="39" Y="193"/>
        <UsageCount Value="7"/>
      </Unit10>
      <Unit11>
        <Filename Value="..\..\src\nx\nxGL.pas"/>
        <UnitName Value="nxGL"/>
        <WindowIndex Value="0"/>
        <TopLine Value="7"/>
        <CursorPos X="1" Y="1"/>
        <UsageCount Value="28"/>
      </Unit11>
      <Unit12>
        <Filename Value="..\..\src\nx\nxGLExtra.pas"/>
        <UnitName Value="nxGLExtra"/>
        <WindowIndex Value="0"/>
        <TopLine Value="547"/>
        <CursorPos X="12" Y="570"/>
        <UsageCount Value="30"/>
      </Unit12>
      <Unit13>
        <Filename Value="..\..\src\nx\nxMath3D.pas"/>
        <UnitName Value="nxMath3D"/>
        <WindowIndex Value="0"/>
        <TopLine Value="476"/>
        <CursorPos X="1" Y="489"/>
        <UsageCount Value="27"/>
      </Unit13>
      <Unit14>
        <Filename Value="..\..\src\nx\nxTypes.pas"/>
        <UnitName Value="nxTypes"/>
        <WindowIndex Value="0"/>
        <TopLine Value="18"/>
        <CursorPos X="9" Y="18"/>
        <UsageCount Value="25"/>
      </Unit14>
      <Unit15>
        <Filename Value="..\..\src\nx\nxGraph.pas"/>
        <UnitName Value="nxGraph"/>
        <WindowIndex Value="0"/>
        <TopLine Value="30"/>
        <CursorPos X="40" Y="64"/>
        <UsageCount Value="10"/>
      </Unit15>
      <Unit16>
        <Filename Value="..\..\src\nx\nxMath.pas"/>
        <UnitName Value="nxMath"/>
        <WindowIndex Value="0"/>
        <TopLine Value="16"/>
        <CursorPos X="1" Y="1"/>
        <UsageCount Value="8"/>
      </Unit16>
      <Unit17>
        <Filename Value="..\..\src\nx\nxModel.pas"/>
        <UnitName Value="nxModel"/>
        <WindowIndex Value="0"/>
        <TopLine Value="69"/>
        <CursorPos X="1" Y="1"/>
        <ExtraEditorCount Value="1"/>
        <ExtraEditor1>
          <WindowIndex Value="0"/>
          <TopLine Value="61"/>
          <CursorPos X="34" Y="74"/>
        </ExtraEditor1>
        <UsageCount Value="28"/>
        <Bookmarks Count="1">
          <Item0 X="5" Y="354" ID="0"/>
        </Bookmarks>
      </Unit17>
      <Unit18>
        <Filename Value="D:\delphi\Next3D\old_src\nxModel.pas"/>
        <UnitName Value="nxModel"/>
        <WindowIndex Value="0"/>
        <TopLine Value="1"/>
        <CursorPos X="1" Y="1"/>
        <UsageCount Value="8"/>
      </Unit18>
      <Unit19>
        <Filename Value="D:\delphi\GLEngine\T3DWorld.pas"/>
        <UnitName Value="T3DWorld"/>
        <WindowIndex Value="1"/>
        <TopLine Value="975"/>
        <CursorPos X="25" Y="979"/>
        <UsageCount Value="14"/>
      </Unit19>
      <Unit20>
        <Filename Value="..\..\..\lazarus\fpc\2.5.1\source\rtl\inc\objpash.inc"/>
        <WindowIndex Value="0"/>
        <TopLine Value="178"/>
        <CursorPos X="23" Y="192"/>
        <UsageCount Value="8"/>
      </Unit20>
      <Unit21>
        <Filename Value="..\..\..\lazarus\fpc\2.5.1\source\rtl\objpas\math.pp"/>
        <UnitName Value="math"/>
        <WindowIndex Value="0"/>
        <TopLine Value="433"/>
        <CursorPos X="15" Y="456"/>
        <UsageCount Value="8"/>
      </Unit21>
      <Unit22>
        <Filename Value="..\..\..\lazarus\fpc\2.5.1\source\rtl\inc\systemh.inc"/>
        <WindowIndex Value="0"/>
        <TopLine Value="237"/>
        <CursorPos X="3" Y="251"/>
        <UsageCount Value="9"/>
      </Unit22>
      <Unit23>
        <Filename Value="..\..\..\lazarus\fpc\2.5.1\source\rtl\i386\fastmove.inc"/>
        <WindowIndex Value="0"/>
        <TopLine Value="832"/>
        <CursorPos X="11" Y="834"/>
        <UsageCount Value="9"/>
      </Unit23>
      <Unit24>
        <Filename Value="..\..\src\nx\nxStrings.pas"/>
        <UnitName Value="nxStrings"/>
        <WindowIndex Value="0"/>
        <TopLine Value="131"/>
        <CursorPos X="52" Y="131"/>
        <UsageCount Value="16"/>
      </Unit24>
      <Unit25>
        <Filename Value="..\..\..\lazarus\lcl\include\fpimagebitmap.inc"/>
        <WindowIndex Value="0"/>
        <TopLine Value="127"/>
        <CursorPos X="1" Y="141"/>
        <UsageCount Value="10"/>
      </Unit25>
      <Unit26>
        <Filename Value="..\..\..\lazarus\lcl\include\customform.inc"/>
        <WindowIndex Value="0"/>
        <TopLine Value="864"/>
        <CursorPos X="1" Y="878"/>
        <UsageCount Value="10"/>
      </Unit26>
      <Unit27>
        <Filename Value="..\..\..\src\dglOpenGL.pas"/>
        <UnitName Value="dglOpenGL"/>
        <WindowIndex Value="0"/>
        <TopLine Value="492"/>
        <CursorPos X="3" Y="506"/>
        <UsageCount Value="10"/>
      </Unit27>
      <Unit28>
        <Filename Value="..\..\..\src\nxModel.pas"/>
        <UnitName Value="nxModel"/>
        <WindowIndex Value="0"/>
        <TopLine Value="1396"/>
        <CursorPos X="35" Y="1402"/>
        <UsageCount Value="10"/>
      </Unit28>
      <Unit29>
        <Filename Value="..\..\..\src\nxMath3D.pas"/>
        <UnitName Value="nxMath3D"/>
        <WindowIndex Value="0"/>
        <TopLine Value="417"/>
        <CursorPos X="31" Y="434"/>
        <UsageCount Value="11"/>
      </Unit29>
      <Unit30>
        <Filename Value="..\..\..\src\nxGL.pas"/>
        <UnitName Value="nxGL"/>
        <WindowIndex Value="0"/>
        <TopLine Value="2371"/>
        <CursorPos X="1" Y="2385"/>
        <UsageCount Value="11"/>
      </Unit30>
      <Unit31>
        <Filename Value="..\..\..\src\nxGLExtra.pas"/>
        <UnitName Value="nxGLExtra"/>
        <WindowIndex Value="0"/>
        <TopLine Value="691"/>
        <CursorPos X="69" Y="712"/>
        <UsageCount Value="11"/>
      </Unit31>
    </Units>
    <JumpHistory Count="7" HistoryIndex="6">
      <Position1>
        <Filename Value="Unit1.pas"/>
        <Caret Line="78" Column="5" TopLine="76"/>
      </Position1>
      <Position2>
        <Filename Value="Unit1.pas"/>
        <Caret Line="107" Column="13" TopLine="92"/>
      </Position2>
      <Position3>
        <Filename Value="Unit1.pas"/>
        <Caret Line="105" Column="5" TopLine="92"/>
      </Position3>
      <Position4>
        <Filename Value="Unit1.pas"/>
        <Caret Line="103" Column="41" TopLine="86"/>
      </Position4>
      <Position5>
        <Filename Value="Unit1.pas"/>
        <Caret Line="91" Column="41" TopLine="83"/>
      </Position5>
      <Position6>
        <Filename Value="Unit1.pas"/>
        <Caret Line="102" Column="21" TopLine="91"/>
      </Position6>
      <Position7>
        <Filename Value="Unit1.pas"/>
        <Caret Line="108" Column="26" TopLine="97"/>
      </Position7>
    </JumpHistory>
  </ProjectOptions>
  <CompilerOptions>
    <Version Value="11"/>
    <PathDelim Value="\"/>
    <Target>
      <Filename Value="$NameOnly($ProjFile())"/>
    </Target>
    <SearchPaths>
      <IncludeFiles Value="$(ProjOutDir)"/>
      <OtherUnitFiles Value="..\..\..\src"/>
      <UnitOutputDirectory Value="lib\$(TargetCPU)-$(TargetOS)"/>
    </SearchPaths>
    <CodeGeneration>
      <Optimizations>
        <OptimizationLevel Value="0"/>
      </Optimizations>
    </CodeGeneration>
    <Linking>
      <Debugging>
        <DebugInfoType Value="dsStabs"/>
        <StripSymbols Value="True"/>
        <UseExternalDbgSyms Value="True"/>
      </Debugging>
      <Options>
        <Win32>
          <GraphicApplication Value="True"/>
        </Win32>
      </Options>
    </Linking>
    <Other>
      <CompilerMessages>
        <UseMsgFile Value="True"/>
      </CompilerMessages>
      <CompilerPath Value="$(CompPath)"/>
    </Other>
  </CompilerOptions>
  <Debugging>
    <Exceptions Count="3">
      <Item1>
        <Name Value="EAbort"/>
      </Item1>
      <Item2>
        <Name Value="ECodetoolError"/>
      </Item2>
      <Item3>
        <Name Value="EFOpenError"/>
      </Item3>
    </Exceptions>
  </Debugging>
  <EditorMacros Count="0"/>
</CONFIG>
